
Microsoft Visual Studio Solution File, Format Version 12.00
# Visual Studio Version 16
VisualStudioVersion = 16.0.29709.97
MinimumVisualStudioVersion = 10.0.40219.1
Project("{9A19103F-16F7-4668-BE54-9A1E7A4F7556}") = "Api.Empresas", "Api.Empresas\Api.Empresas.csproj", "{22C1E074-CDAB-4E3F-ABA4-9BE92782BF97}"
EndProject
Project("{9A19103F-16F7-4668-BE54-9A1E7A4F7556}") = "Data.Empresas", "Data.Empresas\Data.Empresas.csproj", "{FBF7B8A7-55BE-43BA-A3BC-CB7BB4EE4C9E}"
EndProject
Project("{2150E333-8FDC-42A3-9474-1A3956D46DE8}") = "App", "App", "{D52B933D-22B5-462D-BD2B-B818469602F6}"
EndProject
Project("{2150E333-8FDC-42A3-9474-1A3956D46DE8}") = "Domain", "Domain", "{F5C801B1-8E7C-4393-AAC8-53370283760F}"
EndProject
Project("{2150E333-8FDC-42A3-9474-1A3956D46DE8}") = "Services", "Services", "{7A177B24-BF62-475C-8B75-1CAD9FB7480D}"
EndProject
Project("{2150E333-8FDC-42A3-9474-1A3956D46DE8}") = "Infrastructure", "Infrastructure", "{B88A281A-4B73-4A58-A7C4-54C0D4D82363}"
EndProject
Project("{9A19103F-16F7-4668-BE54-9A1E7A4F7556}") = "Domain.Empresas", "Domain.Empresas\Domain.Empresas.csproj", "{542A2D42-E683-4B87-89EF-114E4C99BC65}"
EndProject
Project("{9A19103F-16F7-4668-BE54-9A1E7A4F7556}") = "Service.Empresas", "Service.Empresas\Service.Empresas.csproj", "{CCBA1A85-086C-4EAC-8FE1-70FD14A8DCA8}"
EndProject
Project("{9A19103F-16F7-4668-BE54-9A1E7A4F7556}") = "Util", "Util\Util.csproj", "{F3927036-5085-4FF3-8E0B-4DCEC928D53B}"
EndProject
Project("{FAE04EC0-301F-11D3-BF4B-00C04F79EFBC}") = "XUnitTest.Api.Empresas", "XUnitTest.Api.Empresas\XUnitTest.Api.Empresas.csproj", "{DBEAD789-B653-4CF8-A8C2-6D74051E7A0A}"
EndProject
Global
	GlobalSection(SolutionConfigurationPlatforms) = preSolution
		Debug|Any CPU = Debug|Any CPU
		Release|Any CPU = Release|Any CPU
	EndGlobalSection
	GlobalSection(ProjectConfigurationPlatforms) = postSolution
		{22C1E074-CDAB-4E3F-ABA4-9BE92782BF97}.Debug|Any CPU.ActiveCfg = Debug|Any CPU
		{22C1E074-CDAB-4E3F-ABA4-9BE92782BF97}.Debug|Any CPU.Build.0 = Debug|Any CPU
		{22C1E074-CDAB-4E3F-ABA4-9BE92782BF97}.Release|Any CPU.ActiveCfg = Release|Any CPU
		{22C1E074-CDAB-4E3F-ABA4-9BE92782BF97}.Release|Any CPU.Build.0 = Release|Any CPU
		{FBF7B8A7-55BE-43BA-A3BC-CB7BB4EE4C9E}.Debug|Any CPU.ActiveCfg = Debug|Any CPU
		{FBF7B8A7-55BE-43BA-A3BC-CB7BB4EE4C9E}.Debug|Any CPU.Build.0 = Debug|Any CPU
		{FBF7B8A7-55BE-43BA-A3BC-CB7BB4EE4C9E}.Release|Any CPU.ActiveCfg = Release|Any CPU
		{FBF7B8A7-55BE-43BA-A3BC-CB7BB4EE4C9E}.Release|Any CPU.Build.0 = Release|Any CPU
		{542A2D42-E683-4B87-89EF-114E4C99BC65}.Debug|Any CPU.ActiveCfg = Debug|Any CPU
		{542A2D42-E683-4B87-89EF-114E4C99BC65}.Debug|Any CPU.Build.0 = Debug|Any CPU
		{542A2D42-E683-4B87-89EF-114E4C99BC65}.Release|Any CPU.ActiveCfg = Release|Any CPU
		{542A2D42-E683-4B87-89EF-114E4C99BC65}.Release|Any CPU.Build.0 = Release|Any CPU
		{CCBA1A85-086C-4EAC-8FE1-70FD14A8DCA8}.Debug|Any CPU.ActiveCfg = Debug|Any CPU
		{CCBA1A85-086C-4EAC-8FE1-70FD14A8DCA8}.Debug|Any CPU.Build.0 = Debug|Any CPU
		{CCBA1A85-086C-4EAC-8FE1-70FD14A8DCA8}.Release|Any CPU.ActiveCfg = Release|Any CPU
		{CCBA1A85-086C-4EAC-8FE1-70FD14A8DCA8}.Release|Any CPU.Build.0 = Release|Any CPU
		{F3927036-5085-4FF3-8E0B-4DCEC928D53B}.Debug|Any CPU.ActiveCfg = Debug|Any CPU
		{F3927036-5085-4FF3-8E0B-4DCEC928D53B}.Debug|Any CPU.Build.0 = Debug|Any CPU
		{F3927036-5085-4FF3-8E0B-4DCEC928D53B}.Release|Any CPU.ActiveCfg = Release|Any CPU
		{F3927036-5085-4FF3-8E0B-4DCEC928D53B}.Release|Any CPU.Build.0 = Release|Any CPU
		{DBEAD789-B653-4CF8-A8C2-6D74051E7A0A}.Debug|Any CPU.ActiveCfg = Debug|Any CPU
		{DBEAD789-B653-4CF8-A8C2-6D74051E7A0A}.Debug|Any CPU.Build.0 = Debug|Any CPU
		{DBEAD789-B653-4CF8-A8C2-6D74051E7A0A}.Release|Any CPU.ActiveCfg = Release|Any CPU
		{DBEAD789-B653-4CF8-A8C2-6D74051E7A0A}.Release|Any CPU.Build.0 = Release|Any CPU
	EndGlobalSection
	GlobalSection(SolutionProperties) = preSolution
		HideSolutionNode = FALSE
	EndGlobalSection
	GlobalSection(NestedProjects) = preSolution
		{22C1E074-CDAB-4E3F-ABA4-9BE92782BF97} = {D52B933D-22B5-462D-BD2B-B818469602F6}
		{FBF7B8A7-55BE-43BA-A3BC-CB7BB4EE4C9E} = {B88A281A-4B73-4A58-A7C4-54C0D4D82363}
		{542A2D42-E683-4B87-89EF-114E4C99BC65} = {F5C801B1-8E7C-4393-AAC8-53370283760F}
		{CCBA1A85-086C-4EAC-8FE1-70FD14A8DCA8} = {7A177B24-BF62-475C-8B75-1CAD9FB7480D}
		{F3927036-5085-4FF3-8E0B-4DCEC928D53B} = {B88A281A-4B73-4A58-A7C4-54C0D4D82363}
		{DBEAD789-B653-4CF8-A8C2-6D74051E7A0A} = {D52B933D-22B5-462D-BD2B-B818469602F6}
	EndGlobalSection
	GlobalSection(ExtensibilityGlobals) = postSolution
		SolutionGuid = {6670D302-18F1-497B-A31F-15483645F1C2}
	EndGlobalSection
EndGlobal
